
Microsoft Visual Studio Solution File, Format Version 12.00
# Visual Studio Version 16
VisualStudioVersion = 16.0.30114.105
MinimumVisualStudioVersion = 10.0.40219.1
Project("{FAE04EC0-301F-11D3-BF4B-00C04F79EFBC}") = "R5T.Quadia", "R5T.Quadia\R5T.Quadia.csproj", "{39AED652-4481-4CB9-B4D5-74095DAE7EC9}"
EndProject
Project("{FAE04EC0-301F-11D3-BF4B-00C04F79EFBC}") = "R5T.Quadia.A001", "R5T.Quadia.A001\R5T.Quadia.A001.csproj", "{EBDAD9F2-A5CD-4E44-986C-2588078EC091}"
EndProject
Project("{FAE04EC0-301F-11D3-BF4B-00C04F79EFBC}") = "R5T.Quadia.Base", "R5T.Quadia.Base\R5T.Quadia.Base.csproj", "{1B37D49D-799E-43C5-9578-14BEC92BCA75}"
EndProject
Project("{FAE04EC0-301F-11D3-BF4B-00C04F79EFBC}") = "R5T.Quadia.Carpathia", "R5T.Quadia.Carpathia\R5T.Quadia.Carpathia.csproj", "{9FA1CCA9-0AB1-40D6-960E-478657D137A9}"
EndProject
Project("{FAE04EC0-301F-11D3-BF4B-00C04F79EFBC}") = "R5T.Quadia.Construction", "R5T.Quadia.Construction\R5T.Quadia.Construction.csproj", "{AE1107F1-D34C-46F1-8422-FC3F42F98ABF}"
EndProject
Project("{FAE04EC0-301F-11D3-BF4B-00C04F79EFBC}") = "R5T.Quadia.D002.Base", "R5T.Quadia.D002.Base\R5T.Quadia.D002.Base.csproj", "{67B4EC00-14A8-49B1-A4A7-32A177ABC431}"
EndProject
Project("{FAE04EC0-301F-11D3-BF4B-00C04F79EFBC}") = "R5T.Quadia.D002.I001", "R5T.Quadia.D002.I001\R5T.Quadia.D002.I001.csproj", "{CD7DB439-8433-4C00-A8CA-BAD7DFC76B6E}"
EndProject
Global
	GlobalSection(SolutionConfigurationPlatforms) = preSolution
		Debug|Any CPU = Debug|Any CPU
		Debug|x64 = Debug|x64
		Debug|x86 = Debug|x86
		Release|Any CPU = Release|Any CPU
		Release|x64 = Release|x64
		Release|x86 = Release|x86
	EndGlobalSection
	GlobalSection(SolutionProperties) = preSolution
		HideSolutionNode = FALSE
	EndGlobalSection
	GlobalSection(ProjectConfigurationPlatforms) = postSolution
		{39AED652-4481-4CB9-B4D5-74095DAE7EC9}.Debug|Any CPU.ActiveCfg = Debug|Any CPU
		{39AED652-4481-4CB9-B4D5-74095DAE7EC9}.Debug|Any CPU.Build.0 = Debug|Any CPU
		{39AED652-4481-4CB9-B4D5-74095DAE7EC9}.Debug|x64.ActiveCfg = Debug|Any CPU
		{39AED652-4481-4CB9-B4D5-74095DAE7EC9}.Debug|x64.Build.0 = Debug|Any CPU
		{39AED652-4481-4CB9-B4D5-74095DAE7EC9}.Debug|x86.ActiveCfg = Debug|Any CPU
		{39AED652-4481-4CB9-B4D5-74095DAE7EC9}.Debug|x86.Build.0 = Debug|Any CPU
		{39AED652-4481-4CB9-B4D5-74095DAE7EC9}.Release|Any CPU.ActiveCfg = Release|Any CPU
		{39AED652-4481-4CB9-B4D5-74095DAE7EC9}.Release|Any CPU.Build.0 = Release|Any CPU
		{39AED652-4481-4CB9-B4D5-74095DAE7EC9}.Release|x64.ActiveCfg = Release|Any CPU
		{39AED652-4481-4CB9-B4D5-74095DAE7EC9}.Release|x64.Build.0 = Release|Any CPU
		{39AED652-4481-4CB9-B4D5-74095DAE7EC9}.Release|x86.ActiveCfg = Release|Any CPU
		{39AED652-4481-4CB9-B4D5-74095DAE7EC9}.Release|x86.Build.0 = Release|Any CPU
		{EBDAD9F2-A5CD-4E44-986C-2588078EC091}.Debug|Any CPU.ActiveCfg = Debug|Any CPU
		{EBDAD9F2-A5CD-4E44-986C-2588078EC091}.Debug|Any CPU.Build.0 = Debug|Any CPU
		{EBDAD9F2-A5CD-4E44-986C-2588078EC091}.Debug|x64.ActiveCfg = Debug|Any CPU
		{EBDAD9F2-A5CD-4E44-986C-2588078EC091}.Debug|x64.Build.0 = Debug|Any CPU
		{EBDAD9F2-A5CD-4E44-986C-2588078EC091}.Debug|x86.ActiveCfg = Debug|Any CPU
		{EBDAD9F2-A5CD-4E44-986C-2588078EC091}.Debug|x86.Build.0 = Debug|Any CPU
		{EBDAD9F2-A5CD-4E44-986C-2588078EC091}.Release|Any CPU.ActiveCfg = Release|Any CPU
		{EBDAD9F2-A5CD-4E44-986C-2588078EC091}.Release|Any CPU.Build.0 = Release|Any CPU
		{EBDAD9F2-A5CD-4E44-986C-2588078EC091}.Release|x64.ActiveCfg = Release|Any CPU
		{EBDAD9F2-A5CD-4E44-986C-2588078EC091}.Release|x64.Build.0 = Release|Any CPU
		{EBDAD9F2-A5CD-4E44-986C-2588078EC091}.Release|x86.ActiveCfg = Release|Any CPU
		{EBDAD9F2-A5CD-4E44-986C-2588078EC091}.Release|x86.Build.0 = Release|Any CPU
		{1B37D49D-799E-43C5-9578-14BEC92BCA75}.Debug|Any CPU.ActiveCfg = Debug|Any CPU
		{1B37D49D-799E-43C5-9578-14BEC92BCA75}.Debug|Any CPU.Build.0 = Debug|Any CPU
		{1B37D49D-799E-43C5-9578-14BEC92BCA75}.Debug|x64.ActiveCfg = Debug|Any CPU
		{1B37D49D-799E-43C5-9578-14BEC92BCA75}.Debug|x64.Build.0 = Debug|Any CPU
		{1B37D49D-799E-43C5-9578-14BEC92BCA75}.Debug|x86.ActiveCfg = Debug|Any CPU
		{1B37D49D-799E-43C5-9578-14BEC92BCA75}.Debug|x86.Build.0 = Debug|Any CPU
		{1B37D49D-799E-43C5-9578-14BEC92BCA75}.Release|Any CPU.ActiveCfg = Release|Any CPU
		{1B37D49D-799E-43C5-9578-14BEC92BCA75}.Release|Any CPU.Build.0 = Release|Any CPU
		{1B37D49D-799E-43C5-9578-14BEC92BCA75}.Release|x64.ActiveCfg = Release|Any CPU
		{1B37D49D-799E-43C5-9578-14BEC92BCA75}.Release|x64.Build.0 = Release|Any CPU
		{1B37D49D-799E-43C5-9578-14BEC92BCA75}.Release|x86.ActiveCfg = Release|Any CPU
		{1B37D49D-799E-43C5-9578-14BEC92BCA75}.Release|x86.Build.0 = Release|Any CPU
		{9FA1CCA9-0AB1-40D6-960E-478657D137A9}.Debug|Any CPU.ActiveCfg = Debug|Any CPU
		{9FA1CCA9-0AB1-40D6-960E-478657D137A9}.Debug|Any CPU.Build.0 = Debug|Any CPU
		{9FA1CCA9-0AB1-40D6-960E-478657D137A9}.Debug|x64.ActiveCfg = Debug|Any CPU
		{9FA1CCA9-0AB1-40D6-960E-478657D137A9}.Debug|x64.Build.0 = Debug|Any CPU
		{9FA1CCA9-0AB1-40D6-960E-478657D137A9}.Debug|x86.ActiveCfg = Debug|Any CPU
		{9FA1CCA9-0AB1-40D6-960E-478657D137A9}.Debug|x86.Build.0 = Debug|Any CPU
		{9FA1CCA9-0AB1-40D6-960E-478657D137A9}.Release|Any CPU.ActiveCfg = Release|Any CPU
		{9FA1CCA9-0AB1-40D6-960E-478657D137A9}.Release|Any CPU.Build.0 = Release|Any CPU
		{9FA1CCA9-0AB1-40D6-960E-478657D137A9}.Release|x64.ActiveCfg = Release|Any CPU
		{9FA1CCA9-0AB1-40D6-960E-478657D137A9}.Release|x64.Build.0 = Release|Any CPU
		{9FA1CCA9-0AB1-40D6-960E-478657D137A9}.Release|x86.ActiveCfg = Release|Any CPU
		{9FA1CCA9-0AB1-40D6-960E-478657D137A9}.Release|x86.Build.0 = Release|Any CPU
		{AE1107F1-D34C-46F1-8422-FC3F42F98ABF}.Debug|Any CPU.ActiveCfg = Debug|Any CPU
		{AE1107F1-D34C-46F1-8422-FC3F42F98ABF}.Debug|Any CPU.Build.0 = Debug|Any CPU
		{AE1107F1-D34C-46F1-8422-FC3F42F98ABF}.Debug|x64.ActiveCfg = Debug|Any CPU
		{AE1107F1-D34C-46F1-8422-FC3F42F98ABF}.Debug|x64.Build.0 = Debug|Any CPU
		{AE1107F1-D34C-46F1-8422-FC3F42F98ABF}.Debug|x86.ActiveCfg = Debug|Any CPU
		{AE1107F1-D34C-46F1-8422-FC3F42F98ABF}.Debug|x86.Build.0 = Debug|Any CPU
		{AE1107F1-D34C-46F1-8422-FC3F42F98ABF}.Release|Any CPU.ActiveCfg = Release|Any CPU
		{AE1107F1-D34C-46F1-8422-FC3F42F98ABF}.Release|Any CPU.Build.0 = Release|Any CPU
		{AE1107F1-D34C-46F1-8422-FC3F42F98ABF}.Release|x64.ActiveCfg = Release|Any CPU
		{AE1107F1-D34C-46F1-8422-FC3F42F98ABF}.Release|x64.Build.0 = Release|Any CPU
		{AE1107F1-D34C-46F1-8422-FC3F42F98ABF}.Release|x86.ActiveCfg = Release|Any CPU
		{AE1107F1-D34C-46F1-8422-FC3F42F98ABF}.Release|x86.Build.0 = Release|Any CPU
		{67B4EC00-14A8-49B1-A4A7-32A177ABC431}.Debug|Any CPU.ActiveCfg = Debug|Any CPU
		{67B4EC00-14A8-49B1-A4A7-32A177ABC431}.Debug|Any CPU.Build.0 = Debug|Any CPU
		{67B4EC00-14A8-49B1-A4A7-32A177ABC431}.Debug|x64.ActiveCfg = Debug|Any CPU
		{67B4EC00-14A8-49B1-A4A7-32A177ABC431}.Debug|x64.Build.0 = Debug|Any CPU
		{67B4EC00-14A8-49B1-A4A7-32A177ABC431}.Debug|x86.ActiveCfg = Debug|Any CPU
		{67B4EC00-14A8-49B1-A4A7-32A177ABC431}.Debug|x86.Build.0 = Debug|Any CPU
		{67B4EC00-14A8-49B1-A4A7-32A177ABC431}.Release|Any CPU.ActiveCfg = Release|Any CPU
		{67B4EC00-14A8-49B1-A4A7-32A177ABC431}.Release|Any CPU.Build.0 = Release|Any CPU
		{67B4EC00-14A8-49B1-A4A7-32A177ABC431}.Release|x64.ActiveCfg = Release|Any CPU
		{67B4EC00-14A8-49B1-A4A7-32A177ABC431}.Release|x64.Build.0 = Release|Any CPU
		{67B4EC00-14A8-49B1-A4A7-32A177ABC431}.Release|x86.ActiveCfg = Release|Any CPU
		{67B4EC00-14A8-49B1-A4A7-32A177ABC431}.Release|x86.Build.0 = Release|Any CPU
		{CD7DB439-8433-4C00-A8CA-BAD7DFC76B6E}.Debug|Any CPU.ActiveCfg = Debug|Any CPU
		{CD7DB439-8433-4C00-A8CA-BAD7DFC76B6E}.Debug|Any CPU.Build.0 = Debug|Any CPU
		{CD7DB439-8433-4C00-A8CA-BAD7DFC76B6E}.Debug|x64.ActiveCfg = Debug|Any CPU
		{CD7DB439-8433-4C00-A8CA-BAD7DFC76B6E}.Debug|x64.Build.0 = Debug|Any CPU
		{CD7DB439-8433-4C00-A8CA-BAD7DFC76B6E}.Debug|x86.ActiveCfg = Debug|Any CPU
		{CD7DB439-8433-4C00-A8CA-BAD7DFC76B6E}.Debug|x86.Build.0 = Debug|Any CPU
		{CD7DB439-8433-4C00-A8CA-BAD7DFC76B6E}.Release|Any CPU.ActiveCfg = Release|Any CPU
		{CD7DB439-8433-4C00-A8CA-BAD7DFC76B6E}.Release|Any CPU.Build.0 = Release|Any CPU
		{CD7DB439-8433-4C00-A8CA-BAD7DFC76B6E}.Release|x64.ActiveCfg = Release|Any CPU
		{CD7DB439-8433-4C00-A8CA-BAD7DFC76B6E}.Release|x64.Build.0 = Release|Any CPU
		{CD7DB439-8433-4C00-A8CA-BAD7DFC76B6E}.Release|x86.ActiveCfg = Release|Any CPU
		{CD7DB439-8433-4C00-A8CA-BAD7DFC76B6E}.Release|x86.Build.0 = Release|Any CPU
	EndGlobalSection
EndGlobal
